
Microsoft Visual Studio Solution File, Format Version 12.00
# Visual Studio Version 16
VisualStudioVersion = 16.0.29306.81
MinimumVisualStudioVersion = 10.0.40219.1
Project("{9A19103F-16F7-4668-BE54-9A1E7A4F7556}") = "BulkDataLoader", "BulkDataLoader\BulkDataLoader.csproj", "{2F25D90F-7928-42CA-B4E5-05A2D37ED4AB}"
EndProject
Project("{FAE04EC0-301F-11D3-BF4B-00C04F79EFBC}") = "BulkDataLoader.Tests", "BulkDataLoader.Tests\BulkDataLoader.Tests.csproj", "{357915AF-6A3D-4D3D-98B4-EF8CE1866BA7}"
EndProject
Global
	GlobalSection(SolutionConfigurationPlatforms) = preSolution
		Debug|Any CPU = Debug|Any CPU
		Release|Any CPU = Release|Any CPU
	EndGlobalSection
	GlobalSection(ProjectConfigurationPlatforms) = postSolution
		{2F25D90F-7928-42CA-B4E5-05A2D37ED4AB}.Debug|Any CPU.ActiveCfg = Debug|Any CPU
		{2F25D90F-7928-42CA-B4E5-05A2D37ED4AB}.Debug|Any CPU.Build.0 = Debug|Any CPU
		{2F25D90F-7928-42CA-B4E5-05A2D37ED4AB}.Release|Any CPU.ActiveCfg = Release|Any CPU
		{2F25D90F-7928-42CA-B4E5-05A2D37ED4AB}.Release|Any CPU.Build.0 = Release|Any CPU
		{357915AF-6A3D-4D3D-98B4-EF8CE1866BA7}.Debug|Any CPU.ActiveCfg = Debug|Any CPU
		{357915AF-6A3D-4D3D-98B4-EF8CE1866BA7}.Debug|Any CPU.Build.0 = Debug|Any CPU
		{357915AF-6A3D-4D3D-98B4-EF8CE1866BA7}.Release|Any CPU.ActiveCfg = Release|Any CPU
		{357915AF-6A3D-4D3D-98B4-EF8CE1866BA7}.Release|Any CPU.Build.0 = Release|Any CPU
	EndGlobalSection
	GlobalSection(SolutionProperties) = preSolution
		HideSolutionNode = FALSE
	EndGlobalSection
	GlobalSection(ExtensibilityGlobals) = postSolution
		SolutionGuid = {B18B549F-D220-4678-A7A3-7C542859D768}
	EndGlobalSection
EndGlobal
